// !$*UTF8*$!
{
	archiveVersion = 1;
	classes = {
	};
	objectVersion = 50;
	objects = {

/* Begin PBXBuildFile section */
		8AB73B8F09068CF9467DA236 /* Pods_Clast.framework in Frameworks */ = {isa = PBXBuildFile; fileRef = 5794C1C54CC88690C4BAC2ED /* Pods_Clast.framework */; };
		94327A032089EF4700C9E0EC /* SwDateNaview.swift in Sources */ = {isa = PBXBuildFile; fileRef = 94327A022089EF4700C9E0EC /* SwDateNaview.swift */; };
		94E7C2FE2087443A0089C163 /* MainView.swift in Sources */ = {isa = PBXBuildFile; fileRef = 94E7C2FD2087443A0089C163 /* MainView.swift */; };
		94E7C300208777690089C163 /* NewsCell.swift in Sources */ = {isa = PBXBuildFile; fileRef = 94E7C2FF208777690089C163 /* NewsCell.swift */; };
		94F42A5A2073C382006770AA /* AppDelegate.swift in Sources */ = {isa = PBXBuildFile; fileRef = 94F42A592073C382006770AA /* AppDelegate.swift */; };
		94F42A5C2073C382006770AA /* ViewController.swift in Sources */ = {isa = PBXBuildFile; fileRef = 94F42A5B2073C382006770AA /* ViewController.swift */; };
		94F42A612073C384006770AA /* Assets.xcassets in Resources */ = {isa = PBXBuildFile; fileRef = 94F42A602073C384006770AA /* Assets.xcassets */; };
		94F42A642073C384006770AA /* LaunchScreen.storyboard in Resources */ = {isa = PBXBuildFile; fileRef = 94F42A622073C384006770AA /* LaunchScreen.storyboard */; };
		94F42A6F2073C384006770AA /* ClastTests.swift in Sources */ = {isa = PBXBuildFile; fileRef = 94F42A6E2073C384006770AA /* ClastTests.swift */; };
		94F42A7A2073C384006770AA /* ClastUITests.swift in Sources */ = {isa = PBXBuildFile; fileRef = 94F42A792073C384006770AA /* ClastUITests.swift */; };
		94F42A8A2073C71A006770AA /* MainModle.swift in Sources */ = {isa = PBXBuildFile; fileRef = 94F42A892073C71A006770AA /* MainModle.swift */; };
		94F42A8D2073CB93006770AA /* ListView.swift in Sources */ = {isa = PBXBuildFile; fileRef = 94F42A8C2073CB93006770AA /* ListView.swift */; };
/* End PBXBuildFile section */

/* Begin PBXContainerItemProxy section */
		94F42A6B2073C384006770AA /* PBXContainerItemProxy */ = {
			isa = PBXContainerItemProxy;
			containerPortal = 94F42A4E2073C381006770AA /* Project object */;
			proxyType = 1;
			remoteGlobalIDString = 94F42A552073C381006770AA;
			remoteInfo = Clast;
		};
		94F42A762073C384006770AA /* PBXContainerItemProxy */ = {
			isa = PBXContainerItemProxy;
			containerPortal = 94F42A4E2073C381006770AA /* Project object */;
			proxyType = 1;
			remoteGlobalIDString = 94F42A552073C381006770AA;
			remoteInfo = Clast;
		};
/* End PBXContainerItemProxy section */

/* Begin PBXFileReference section */
		0DCE04B82D60A6BF30D36C15 /* Pods-Clast.release.xcconfig */ = {isa = PBXFileReference; includeInIndex = 1; lastKnownFileType = text.xcconfig; name = "Pods-Clast.release.xcconfig"; path = "Pods/Target Support Files/Pods-Clast/Pods-Clast.release.xcconfig"; sourceTree = "<group>"; };
		5794C1C54CC88690C4BAC2ED /* Pods_Clast.framework */ = {isa = PBXFileReference; explicitFileType = wrapper.framework; includeInIndex = 0; path = Pods_Clast.framework; sourceTree = BUILT_PRODUCTS_DIR; };
		94327A022089EF4700C9E0EC /* SwDateNaview.swift */ = {isa = PBXFileReference; lastKnownFileType = sourcecode.swift; path = SwDateNaview.swift; sourceTree = "<group>"; };
		944CBC0B3F0F9BB92C4B302F /* Pods-Clast.debug.xcconfig */ = {isa = PBXFileReference; includeInIndex = 1; lastKnownFileType = text.xcconfig; name = "Pods-Clast.debug.xcconfig"; path = "Pods/Target Support Files/Pods-Clast/Pods-Clast.debug.xcconfig"; sourceTree = "<group>"; };
		94E7C2FD2087443A0089C163 /* MainView.swift */ = {isa = PBXFileReference; lastKnownFileType = sourcecode.swift; path = MainView.swift; sourceTree = "<group>"; };
		94E7C2FF208777690089C163 /* NewsCell.swift */ = {isa = PBXFileReference; lastKnownFileType = sourcecode.swift; path = NewsCell.swift; sourceTree = "<group>"; };
		94F42A562073C382006770AA /* Clast.app */ = {isa = PBXFileReference; explicitFileType = wrapper.application; includeInIndex = 0; path = Clast.app; sourceTree = BUILT_PRODUCTS_DIR; };
		94F42A592073C382006770AA /* AppDelegate.swift */ = {isa = PBXFileReference; lastKnownFileType = sourcecode.swift; path = AppDelegate.swift; sourceTree = "<group>"; };
		94F42A5B2073C382006770AA /* ViewController.swift */ = {isa = PBXFileReference; lastKnownFileType = sourcecode.swift; path = ViewController.swift; sourceTree = "<group>"; };
		94F42A602073C384006770AA /* Assets.xcassets */ = {isa = PBXFileReference; lastKnownFileType = folder.assetcatalog; path = Assets.xcassets; sourceTree = "<group>"; };
		94F42A632073C384006770AA /* Base */ = {isa = PBXFileReference; lastKnownFileType = file.storyboard; name = Base; path = Base.lproj/LaunchScreen.storyboard; sourceTree = "<group>"; };
		94F42A652073C384006770AA /* Info.plist */ = {isa = PBXFileReference; lastKnownFileType = text.plist.xml; path = Info.plist; sourceTree = "<group>"; };
		94F42A6A2073C384006770AA /* ClastTests.xctest */ = {isa = PBXFileReference; explicitFileType = wrapper.cfbundle; includeInIndex = 0; path = ClastTests.xctest; sourceTree = BUILT_PRODUCTS_DIR; };
		94F42A6E2073C384006770AA /* ClastTests.swift */ = {isa = PBXFileReference; lastKnownFileType = sourcecode.swift; path = ClastTests.swift; sourceTree = "<group>"; };
		94F42A702073C384006770AA /* Info.plist */ = {isa = PBXFileReference; lastKnownFileType = text.plist.xml; path = Info.plist; sourceTree = "<group>"; };
		94F42A752073C384006770AA /* ClastUITests.xctest */ = {isa = PBXFileReference; explicitFileType = wrapper.cfbundle; includeInIndex = 0; path = ClastUITests.xctest; sourceTree = BUILT_PRODUCTS_DIR; };
		94F42A792073C384006770AA /* ClastUITests.swift */ = {isa = PBXFileReference; lastKnownFileType = sourcecode.swift; path = ClastUITests.swift; sourceTree = "<group>"; };
		94F42A7B2073C384006770AA /* Info.plist */ = {isa = PBXFileReference; lastKnownFileType = text.plist.xml; path = Info.plist; sourceTree = "<group>"; };
		94F42A892073C71A006770AA /* MainModle.swift */ = {isa = PBXFileReference; lastKnownFileType = sourcecode.swift; path = MainModle.swift; sourceTree = "<group>"; };
		94F42A8C2073CB93006770AA /* ListView.swift */ = {isa = PBXFileReference; lastKnownFileType = sourcecode.swift; path = ListView.swift; sourceTree = "<group>"; };
/* End PBXFileReference section */

/* Begin PBXFrameworksBuildPhase section */
		94F42A532073C381006770AA /* Frameworks */ = {
			isa = PBXFrameworksBuildPhase;
			buildActionMask = 2147483647;
			files = (
				8AB73B8F09068CF9467DA236 /* Pods_Clast.framework in Frameworks */,
			);
			runOnlyForDeploymentPostprocessing = 0;
		};
		94F42A672073C384006770AA /* Frameworks */ = {
			isa = PBXFrameworksBuildPhase;
			buildActionMask = 2147483647;
			files = (
			);
			runOnlyForDeploymentPostprocessing = 0;
		};
		94F42A722073C384006770AA /* Frameworks */ = {
			isa = PBXFrameworksBuildPhase;
			buildActionMask = 2147483647;
			files = (
			);
			runOnlyForDeploymentPostprocessing = 0;
		};
/* End PBXFrameworksBuildPhase section */

/* Begin PBXGroup section */
		54C2C3EFABDAC58144795C5A /* Frameworks */ = {
			isa = PBXGroup;
			children = (
				5794C1C54CC88690C4BAC2ED /* Pods_Clast.framework */,
			);
			name = Frameworks;
			sourceTree = "<group>";
		};
		94F42A4D2073C381006770AA = {
			isa = PBXGroup;
			children = (
				94F42A582073C382006770AA /* Clast */,
				94F42A6D2073C384006770AA /* ClastTests */,
				94F42A782073C384006770AA /* ClastUITests */,
				94F42A572073C382006770AA /* Products */,
				DF5011361AE821A69CFFDCF9 /* Pods */,
				54C2C3EFABDAC58144795C5A /* Frameworks */,
			);
			sourceTree = "<group>";
		};
		94F42A572073C382006770AA /* Products */ = {
			isa = PBXGroup;
			children = (
				94F42A562073C382006770AA /* Clast.app */,
				94F42A6A2073C384006770AA /* ClastTests.xctest */,
				94F42A752073C384006770AA /* ClastUITests.xctest */,
			);
			name = Products;
			sourceTree = "<group>";
		};
		94F42A582073C382006770AA /* Clast */ = {
			isa = PBXGroup;
			children = (
				94F42A8B2073C721006770AA /* 首页、 */,
				94F42A592073C382006770AA /* AppDelegate.swift */,
				94F42A602073C384006770AA /* Assets.xcassets */,
				94F42A622073C384006770AA /* LaunchScreen.storyboard */,
				94F42A652073C384006770AA /* Info.plist */,
			);
			path = Clast;
			sourceTree = "<group>";
		};
		94F42A6D2073C384006770AA /* ClastTests */ = {
			isa = PBXGroup;
			children = (
				94F42A6E2073C384006770AA /* ClastTests.swift */,
				94F42A702073C384006770AA /* Info.plist */,
			);
			path = ClastTests;
			sourceTree = "<group>";
		};
		94F42A782073C384006770AA /* ClastUITests */ = {
			isa = PBXGroup;
			children = (
				94F42A792073C384006770AA /* ClastUITests.swift */,
				94F42A7B2073C384006770AA /* Info.plist */,
			);
			path = ClastUITests;
			sourceTree = "<group>";
		};
		94F42A8B2073C721006770AA /* 首页、 */ = {
			isa = PBXGroup;
			children = (
				94F42A5B2073C382006770AA /* ViewController.swift */,
				94E7C2FF208777690089C163 /* NewsCell.swift */,
				94F42A8C2073CB93006770AA /* ListView.swift */,
				94F42A892073C71A006770AA /* MainModle.swift */,
				94327A022089EF4700C9E0EC /* SwDateNaview.swift */,
				94E7C2FD2087443A0089C163 /* MainView.swift */,
			);
			path = "首页、";
			sourceTree = "<group>";
		};
		DF5011361AE821A69CFFDCF9 /* Pods */ = {
			isa = PBXGroup;
			children = (
				944CBC0B3F0F9BB92C4B302F /* Pods-Clast.debug.xcconfig */,
				0DCE04B82D60A6BF30D36C15 /* Pods-Clast.release.xcconfig */,
			);
			name = Pods;
			sourceTree = "<group>";
		};
/* End PBXGroup section */

/* Begin PBXNativeTarget section */
		94F42A552073C381006770AA /* Clast */ = {
			isa = PBXNativeTarget;
			buildConfigurationList = 94F42A7E2073C384006770AA /* Build configuration list for PBXNativeTarget "Clast" */;
			buildPhases = (
				E1963112C33C1881252CD7D3 /* [CP] Check Pods Manifest.lock */,
				94F42A522073C381006770AA /* Sources */,
				94F42A532073C381006770AA /* Frameworks */,
				94F42A542073C381006770AA /* Resources */,
				645AC74426B2BD156FF31A91 /* [CP] Embed Pods Frameworks */,
			);
			buildRules = (
			);
			dependencies = (
			);
			name = Clast;
			productName = Clast;
			productReference = 94F42A562073C382006770AA /* Clast.app */;
			productType = "com.apple.product-type.application";
		};
		94F42A692073C384006770AA /* ClastTests */ = {
			isa = PBXNativeTarget;
			buildConfigurationList = 94F42A812073C384006770AA /* Build configuration list for PBXNativeTarget "ClastTests" */;
			buildPhases = (
				94F42A662073C384006770AA /* Sources */,
				94F42A672073C384006770AA /* Frameworks */,
				94F42A682073C384006770AA /* Resources */,
			);
			buildRules = (
			);
			dependencies = (
				94F42A6C2073C384006770AA /* PBXTargetDependency */,
			);
			name = ClastTests;
			productName = ClastTests;
			productReference = 94F42A6A2073C384006770AA /* ClastTests.xctest */;
			productType = "com.apple.product-type.bundle.unit-test";
		};
		94F42A742073C384006770AA /* ClastUITests */ = {
			isa = PBXNativeTarget;
			buildConfigurationList = 94F42A842073C384006770AA /* Build configuration list for PBXNativeTarget "ClastUITests" */;
			buildPhases = (
				94F42A712073C384006770AA /* Sources */,
				94F42A722073C384006770AA /* Frameworks */,
				94F42A732073C384006770AA /* Resources */,
			);
			buildRules = (
			);
			dependencies = (
				94F42A772073C384006770AA /* PBXTargetDependency */,
			);
			name = ClastUITests;
			productName = ClastUITests;
			productReference = 94F42A752073C384006770AA /* ClastUITests.xctest */;
			productType = "com.apple.product-type.bundle.ui-testing";
		};
/* End PBXNativeTarget section */

/* Begin PBXProject section */
		94F42A4E2073C381006770AA /* Project object */ = {
			isa = PBXProject;
			attributes = {
				LastSwiftUpdateCheck = 0930;
				LastUpgradeCheck = 0930;
				TargetAttributes = {
					94F42A552073C381006770AA = {
						CreatedOnToolsVersion = 9.3;
					};
					94F42A692073C384006770AA = {
						CreatedOnToolsVersion = 9.3;
						TestTargetID = 94F42A552073C381006770AA;
					};
					94F42A742073C384006770AA = {
						CreatedOnToolsVersion = 9.3;
						TestTargetID = 94F42A552073C381006770AA;
					};
				};
			};
			buildConfigurationList = 94F42A512073C381006770AA /* Build configuration list for PBXProject "Clast" */;
			compatibilityVersion = "Xcode 9.3";
			developmentRegion = en;
			hasScannedForEncodings = 0;
			knownRegions = (
				en,
				Base,
			);
			mainGroup = 94F42A4D2073C381006770AA;
			productRefGroup = 94F42A572073C382006770AA /* Products */;
			projectDirPath = "";
			projectRoot = "";
			targets = (
				94F42A552073C381006770AA /* Clast */,
				94F42A692073C384006770AA /* ClastTests */,
				94F42A742073C384006770AA /* ClastUITests */,
			);
		};
/* End PBXProject section */

/* Begin PBXResourcesBuildPhase section */
		94F42A542073C381006770AA /* Resources */ = {
			isa = PBXResourcesBuildPhase;
			buildActionMask = 2147483647;
			files = (
				94F42A642073C384006770AA /* LaunchScreen.storyboard in Resources */,
				94F42A612073C384006770AA /* Assets.xcassets in Resources */,
			);
			runOnlyForDeploymentPostprocessing = 0;
		};
		94F42A682073C384006770AA /* Resources */ = {
			isa = PBXResourcesBuildPhase;
			buildActionMask = 2147483647;
			files = (
			);
			runOnlyForDeploymentPostprocessing = 0;
		};
		94F42A732073C384006770AA /* Resources */ = {
			isa = PBXResourcesBuildPhase;
			buildActionMask = 2147483647;
			files = (
			);
			runOnlyForDeploymentPostprocessing = 0;
		};
/* End PBXResourcesBuildPhase section */

/* Begin PBXShellScriptBuildPhase section */
		645AC74426B2BD156FF31A91 /* [CP] Embed Pods Frameworks */ = {
			isa = PBXShellScriptBuildPhase;
			buildActionMask = 2147483647;
			files = (
			);
			inputPaths = (
				"${SRCROOT}/Pods/Target Support Files/Pods-Clast/Pods-Clast-frameworks.sh",
				"${BUILT_PRODUCTS_DIR}/Alamofire/Alamofire.framework",
				"${BUILT_PRODUCTS_DIR}/DGElasticPullToRefresh/DGElasticPullToRefresh.framework",
				"${BUILT_PRODUCTS_DIR}/Kingfisher/Kingfisher.framework",
				"${BUILT_PRODUCTS_DIR}/SnapKit/SnapKit.framework",
			);
			name = "[CP] Embed Pods Frameworks";
			outputPaths = (
				"${TARGET_BUILD_DIR}/${FRAMEWORKS_FOLDER_PATH}/Alamofire.framework",
				"${TARGET_BUILD_DIR}/${FRAMEWORKS_FOLDER_PATH}/DGElasticPullToRefresh.framework",
				"${TARGET_BUILD_DIR}/${FRAMEWORKS_FOLDER_PATH}/Kingfisher.framework",
				"${TARGET_BUILD_DIR}/${FRAMEWORKS_FOLDER_PATH}/SnapKit.framework",
			);
			runOnlyForDeploymentPostprocessing = 0;
			shellPath = /bin/sh;
			shellScript = "\"${SRCROOT}/Pods/Target Support Files/Pods-Clast/Pods-Clast-frameworks.sh\"\n";
			showEnvVarsInLog = 0;
		};
		E1963112C33C1881252CD7D3 /* [CP] Check Pods Manifest.lock */ = {
			isa = PBXShellScriptBuildPhase;
			buildActionMask = 2147483647;
			files = (
			);
			inputPaths = (
				"${PODS_PODFILE_DIR_PATH}/Podfile.lock",
				"${PODS_ROOT}/Manifest.lock",
			);
			name = "[CP] Check Pods Manifest.lock";
			outputPaths = (
				"$(DERIVED_FILE_DIR)/Pods-Clast-checkManifestLockResult.txt",
			);
			runOnlyForDeploymentPostprocessing = 0;
			shellPath = /bin/sh;
			shellScript = "diff \"${PODS_PODFILE_DIR_PATH}/Podfile.lock\" \"${PODS_ROOT}/Manifest.lock\" > /dev/null\nif [ $? != 0 ] ; then\n    # print error to STDERR\n    echo \"error: The sandbox is not in sync with the Podfile.lock. Run 'pod install' or update your CocoaPods installation.\" >&2\n    exit 1\nfi\n# This output is used by Xcode 'outputs' to avoid re-running this script phase.\necho \"SUCCESS\" > \"${SCRIPT_OUTPUT_FILE_0}\"\n";
			showEnvVarsInLog = 0;
		};
/* End PBXShellScriptBuildPhase section */

/* Begin PBXSourcesBuildPhase section */
		94F42A522073C381006770AA /* Sources */ = {
			isa = PBXSourcesBuildPhase;
			buildActionMask = 2147483647;
			files = (
				94F42A8A2073C71A006770AA /* MainModle.swift in Sources */,
				94F42A5C2073C382006770AA /* ViewController.swift in Sources */,
				94F42A8D2073CB93006770AA /* ListView.swift in Sources */,
				94E7C2FE2087443A0089C163 /* MainView.swift in Sources */,
				94E7C300208777690089C163 /* NewsCell.swift in Sources */,
				94F42A5A2073C382006770AA /* AppDelegate.swift in Sources */,
				94327A032089EF4700C9E0EC /* SwDateNaview.swift in Sources */,
			);
			runOnlyForDeploymentPostprocessing = 0;
		};
		94F42A662073C384006770AA /* Sources */ = {
			isa = PBXSourcesBuildPhase;
			buildActionMask = 2147483647;
			files = (
				94F42A6F2073C384006770AA /* ClastTests.swift in Sources */,
			);
			runOnlyForDeploymentPostprocessing = 0;
		};
		94F42A712073C384006770AA /* Sources */ = {
			isa = PBXSourcesBuildPhase;
			buildActionMask = 2147483647;
			files = (
				94F42A7A2073C384006770AA /* ClastUITests.swift in Sources */,
			);
			runOnlyForDeploymentPostprocessing = 0;
		};
/* End PBXSourcesBuildPhase section */

/* Begin PBXTargetDependency section */
		94F42A6C2073C384006770AA /* PBXTargetDependency */ = {
			isa = PBXTargetDependency;
			target = 94F42A552073C381006770AA /* Clast */;
			targetProxy = 94F42A6B2073C384006770AA /* PBXContainerItemProxy */;
		};
		94F42A772073C384006770AA /* PBXTargetDependency */ = {
			isa = PBXTargetDependency;
			target = 94F42A552073C381006770AA /* Clast */;
			targetProxy = 94F42A762073C384006770AA /* PBXContainerItemProxy */;
		};
/* End PBXTargetDependency section */

/* Begin PBXVariantGroup section */
		94F42A622073C384006770AA /* LaunchScreen.storyboard */ = {
			isa = PBXVariantGroup;
			children = (
				94F42A632073C384006770AA /* Base */,
			);
			name = LaunchScreen.storyboard;
			sourceTree = "<group>";
		};
/* End PBXVariantGroup section */

/* Begin XCBuildConfiguration section */
		94F42A7C2073C384006770AA /* Debug */ = {
			isa = XCBuildConfiguration;
			buildSettings = {
				ALWAYS_SEARCH_USER_PATHS = NO;
				CLANG_ANALYZER_NONNULL = YES;
				CLANG_ANALYZER_NUMBER_OBJECT_CONVERSION = YES_AGGRESSIVE;
				CLANG_CXX_LANGUAGE_STANDARD = "gnu++14";
				CLANG_CXX_LIBRARY = "libc++";
				CLANG_ENABLE_MODULES = YES;
				CLANG_ENABLE_OBJC_ARC = YES;
				CLANG_ENABLE_OBJC_WEAK = YES;
				CLANG_WARN_BLOCK_CAPTURE_AUTORELEASING = YES;
				CLANG_WARN_BOOL_CONVERSION = YES;
				CLANG_WARN_COMMA = YES;
				CLANG_WARN_CONSTANT_CONVERSION = YES;
				CLANG_WARN_DEPRECATED_OBJC_IMPLEMENTATIONS = YES;
				CLANG_WARN_DIRECT_OBJC_ISA_USAGE = YES_ERROR;
				CLANG_WARN_DOCUMENTATION_COMMENTS = YES;
				CLANG_WARN_EMPTY_BODY = YES;
				CLANG_WARN_ENUM_CONVERSION = YES;
				CLANG_WARN_INFINITE_RECURSION = YES;
				CLANG_WARN_INT_CONVERSION = YES;
				CLANG_WARN_NON_LITERAL_NULL_CONVERSION = YES;
				CLANG_WARN_OBJC_IMPLICIT_RETAIN_SELF = YES;
				CLANG_WARN_OBJC_LITERAL_CONVERSION = YES;
				CLANG_WARN_OBJC_ROOT_CLASS = YES_ERROR;
				CLANG_WARN_RANGE_LOOP_ANALYSIS = YES;
				CLANG_WARN_STRICT_PROTOTYPES = YES;
				CLANG_WARN_SUSPICIOUS_MOVE = YES;
				CLANG_WARN_UNGUARDED_AVAILABILITY = YES_AGGRESSIVE;
				CLANG_WARN_UNREACHABLE_CODE = YES;
				CLANG_WARN__DUPLICATE_METHOD_MATCH = YES;
				CODE_SIGN_IDENTITY = "iPhone Developer";
				COPY_PHASE_STRIP = NO;
				DEBUG_INFORMATION_FORMAT = dwarf;
				ENABLE_STRICT_OBJC_MSGSEND = YES;
				ENABLE_TESTABILITY = YES;
				GCC_C_LANGUAGE_STANDARD = gnu11;
				GCC_DYNAMIC_NO_PIC = NO;
				GCC_NO_COMMON_BLOCKS = YES;
				GCC_OPTIMIZATION_LEVEL = 0;
				GCC_PREPROCESSOR_DEFINITIONS = (
					"DEBUG=1",
					"$(inherited)",
				);
				GCC_WARN_64_TO_32_BIT_CONVERSION = YES;
				GCC_WARN_ABOUT_RETURN_TYPE = YES_ERROR;
				GCC_WARN_UNDECLARED_SELECTOR = YES;
				GCC_WARN_UNINITIALIZED_AUTOS = YES_AGGRESSIVE;
				GCC_WARN_UNUSED_FUNCTION = YES;
				GCC_WARN_UNUSED_VARIABLE = YES;
				IPHONEOS_DEPLOYMENT_TARGET = 11.3;
				MTL_ENABLE_DEBUG_INFO = YES;
				ONLY_ACTIVE_ARCH = YES;
				SDKROOT = iphoneos;
				SWIFT_ACTIVE_COMPILATION_CONDITIONS = DEBUG;
				SWIFT_OPTIMIZATION_LEVEL = "-Onone";
			};
			name = Debug;
		};
		94F42A7D2073C384006770AA /* Release */ = {
			isa = XCBuildConfiguration;
			buildSettings = {
				ALWAYS_SEARCH_USER_PATHS = NO;
				CLANG_ANALYZER_NONNULL = YES;
				CLANG_ANALYZER_NUMBER_OBJECT_CONVERSION = YES_AGGRESSIVE;
				CLANG_CXX_LANGUAGE_STANDARD = "gnu++14";
				CLANG_CXX_LIBRARY = "libc++";
				CLANG_ENABLE_MODULES = YES;
				CLANG_ENABLE_OBJC_ARC = YES;
				CLANG_ENABLE_OBJC_WEAK = YES;
				CLANG_WARN_BLOCK_CAPTURE_AUTORELEASING = YES;
				CLANG_WARN_BOOL_CONVERSION = YES;
				CLANG_WARN_COMMA = YES;
				CLANG_WARN_CONSTANT_CONVERSION = YES;
				CLANG_WARN_DEPRECATED_OBJC_IMPLEMENTATIONS = YES;
				CLANG_WARN_DIRECT_OBJC_ISA_USAGE = YES_ERROR;
				CLANG_WARN_DOCUMENTATION_COMMENTS = YES;
				CLANG_WARN_EMPTY_BODY = YES;
				CLANG_WARN_ENUM_CONVERSION = YES;
				CLANG_WARN_INFINITE_RECURSION = YES;
				CLANG_WARN_INT_CONVERSION = YES;
				CLANG_WARN_NON_LITERAL_NULL_CONVERSION = YES;
				CLANG_WARN_OBJC_IMPLICIT_RETAIN_SELF = YES;
				CLANG_WARN_OBJC_LITERAL_CONVERSION = YES;
				CLANG_WARN_OBJC_ROOT_CLASS = YES_ERROR;
				CLANG_WARN_RANGE_LOOP_ANALYSIS = YES;
				CLANG_WARN_STRICT_PROTOTYPES = YES;
				CLANG_WARN_SUSPICIOUS_MOVE = YES;
				CLANG_WARN_UNGUARDED_AVAILABILITY = YES_AGGRESSIVE;
				CLANG_WARN_UNREACHABLE_CODE = YES;
				CLANG_WARN__DUPLICATE_METHOD_MATCH = YES;
				CODE_SIGN_IDENTITY = "iPhone Developer";
				COPY_PHASE_STRIP = NO;
				DEBUG_INFORMATION_FORMAT = "dwarf-with-dsym";
				ENABLE_NS_ASSERTIONS = NO;
				ENABLE_STRICT_OBJC_MSGSEND = YES;
				GCC_C_LANGUAGE_STANDARD = gnu11;
				GCC_NO_COMMON_BLOCKS = YES;
				GCC_WARN_64_TO_32_BIT_CONVERSION = YES;
				GCC_WARN_ABOUT_RETURN_TYPE = YES_ERROR;
				GCC_WARN_UNDECLARED_SELECTOR = YES;
				GCC_WARN_UNINITIALIZED_AUTOS = YES_AGGRESSIVE;
				GCC_WARN_UNUSED_FUNCTION = YES;
				GCC_WARN_UNUSED_VARIABLE = YES;
				IPHONEOS_DEPLOYMENT_TARGET = 11.3;
				MTL_ENABLE_DEBUG_INFO = NO;
				SDKROOT = iphoneos;
				SWIFT_COMPILATION_MODE = wholemodule;
				SWIFT_OPTIMIZATION_LEVEL = "-O";
				VALIDATE_PRODUCT = YES;
			};
			name = Release;
		};
		94F42A7F2073C384006770AA /* Debug */ = {
			isa = XCBuildConfiguration;
			baseConfigurationReference = 944CBC0B3F0F9BB92C4B302F /* Pods-Clast.debug.xcconfig */;
			buildSettings = {
				ASSETCATALOG_COMPILER_APPICON_NAME = AppIcon;
				CODE_SIGN_STYLE = Automatic;
				DEVELOPMENT_TEAM = LHXHCYAG8H;
				INFOPLIST_FILE = Clast/Info.plist;
				IPHONEOS_DEPLOYMENT_TARGET = 10.3;
				LD_RUNPATH_SEARCH_PATHS = "$(inherited) @executable_path/Frameworks";
				PRODUCT_BUNDLE_IDENTIFIER = com.jackiossy..Clast;
				PRODUCT_NAME = "$(TARGET_NAME)";
				SWIFT_VERSION = 4.0;
				TARGETED_DEVICE_FAMILY = 1;
			};
			name = Debug;
		};
		94F42A802073C384006770AA /* Release */ = {
			isa = XCBuildConfiguration;
			baseConfigurationReference = 0DCE04B82D60A6BF30D36C15 /* Pods-Clast.release.xcconfig */;
			buildSettings = {
				ASSETCATALOG_COMPILER_APPICON_NAME = AppIcon;
				CODE_SIGN_STYLE = Automatic;
				DEVELOPMENT_TEAM = LHXHCYAG8H;
				INFOPLIST_FILE = Clast/Info.plist;
				IPHONEOS_DEPLOYMENT_TARGET = 10.3;
				LD_RUNPATH_SEARCH_PATHS = "$(inherited) @executable_path/Frameworks";
				PRODUCT_BUNDLE_IDENTIFIER = com.jackiossy..Clast;
				PRODUCT_NAME = "$(TARGET_NAME)";
				SWIFT_VERSION = 4.0;
				TARGETED_DEVICE_FAMILY = 1;
			};
			name = Release;
		};
		94F42A822073C384006770AA /* Debug */ = {
			isa = XCBuildConfiguration;
			buildSettings = {
				ALWAYS_EMBED_SWIFT_STANDARD_LIBRARIES = YES;
				BUNDLE_LOADER = "$(TEST_HOST)";
				CODE_SIGN_STYLE = Automatic;
				DEVELOPMENT_TEAM = LHXHCYAG8H;
				INFOPLIST_FILE = ClastTests/Info.plist;
				LD_RUNPATH_SEARCH_PATHS = "$(inherited) @executable_path/Frameworks @loader_path/Frameworks";
				PRODUCT_BUNDLE_IDENTIFIER = com.jackiossy..ClastTests;
				PRODUCT_NAME = "$(TARGET_NAME)";
				SWIFT_VERSION = 4.0;
				TARGETED_DEVICE_FAMILY = "1,2";
				TEST_HOST = "$(BUILT_PRODUCTS_DIR)/Clast.app/Clast";
			};
			name = Debug;
		};
		94F42A832073C384006770AA /* Release */ = {
			isa = XCBuildConfiguration;
			buildSettings = {
				ALWAYS_EMBED_SWIFT_STANDARD_LIBRARIES = YES;
				BUNDLE_LOADER = "$(TEST_HOST)";
				CODE_SIGN_STYLE = Automatic;
				DEVELOPMENT_TEAM = LHXHCYAG8H;
				INFOPLIST_FILE = ClastTests/Info.plist;
				LD_RUNPATH_SEARCH_PATHS = "$(inherited) @executable_path/Frameworks @loader_path/Frameworks";
				PRODUCT_BUNDLE_IDENTIFIER = com.jackiossy..ClastTests;
				PRODUCT_NAME = "$(TARGET_NAME)";
				SWIFT_VERSION = 4.0;
				TARGETED_DEVICE_FAMILY = "1,2";
				TEST_HOST = "$(BUILT_PRODUCTS_DIR)/Clast.app/Clast";
			};
			name = Release;
		};
		94F42A852073C384006770AA /* Debug */ = {
			isa = XCBuildConfiguration;
			buildSettings = {
				ALWAYS_EMBED_SWIFT_STANDARD_LIBRARIES = YES;
				CODE_SIGN_STYLE = Automatic;
				DEVELOPMENT_TEAM = LHXHCYAG8H;
				INFOPLIST_FILE = ClastUITests/Info.plist;
				LD_RUNPATH_SEARCH_PATHS = "$(inherited) @executable_path/Frameworks @loader_path/Frameworks";
				PRODUCT_BUNDLE_IDENTIFIER = com.jackiossy..ClastUITests;
				PRODUCT_NAME = "$(TARGET_NAME)";
				SWIFT_VERSION = 4.0;
				TARGETED_DEVICE_FAMILY = "1,2";
				TEST_TARGET_NAME = Clast;
			};
			name = Debug;
		};
		94F42A862073C384006770AA /* Release */ = {
			isa = XCBuildConfiguration;
			buildSettings = {
				ALWAYS_EMBED_SWIFT_STANDARD_LIBRARIES = YES;
				CODE_SIGN_STYLE = Automatic;
				DEVELOPMENT_TEAM = LHXHCYAG8H;
				INFOPLIST_FILE = ClastUITests/Info.plist;
				LD_RUNPATH_SEARCH_PATHS = "$(inherited) @executable_path/Frameworks @loader_path/Frameworks";
				PRODUCT_BUNDLE_IDENTIFIER = com.jackiossy..ClastUITests;
				PRODUCT_NAME = "$(TARGET_NAME)";
				SWIFT_VERSION = 4.0;
				TARGETED_DEVICE_FAMILY = "1,2";
				TEST_TARGET_NAME = Clast;
			};
			name = Release;
		};
/* End XCBuildConfiguration section */

/* Begin XCConfigurationList section */
		94F42A512073C381006770AA /* Build configuration list for PBXProject "Clast" */ = {
			isa = XCConfigurationList;
			buildConfigurations = (
				94F42A7C2073C384006770AA /* Debug */,
				94F42A7D2073C384006770AA /* Release */,
			);
			defaultConfigurationIsVisible = 0;
			defaultConfigurationName = Release;
		};
		94F42A7E2073C384006770AA /* Build configuration list for PBXNativeTarget "Clast" */ = {
			isa = XCConfigurationList;
			buildConfigurations = (
				94F42A7F2073C384006770AA /* Debug */,
				94F42A802073C384006770AA /* Release */,
			);
			defaultConfigurationIsVisible = 0;
			defaultConfigurationName = Release;
		};
		94F42A812073C384006770AA /* Build configuration list for PBXNativeTarget "ClastTests" */ = {
			isa = XCConfigurationList;
			buildConfigurations = (
				94F42A822073C384006770AA /* Debug */,
				94F42A832073C384006770AA /* Release */,
			);
			defaultConfigurationIsVisible = 0;
			defaultConfigurationName = Release;
		};
		94F42A842073C384006770AA /* Build configuration list for PBXNativeTarget "ClastUITests" */ = {
			isa = XCConfigurationList;
			buildConfigurations = (
				94F42A852073C384006770AA /* Debug */,
				94F42A862073C384006770AA /* Release */,
			);
			defaultConfigurationIsVisible = 0;
			defaultConfigurationName = Release;
		};
/* End XCConfigurationList section */
	};
	rootObject = 94F42A4E2073C381006770AA /* Project object */;
}
